// !$*UTF8*$!
{
	archiveVersion = 1;
	classes = {
	};
	objectVersion = 51;
	objects = {

/* Begin PBXBuildFile section */
		85EBE9C0D3280D7FB4E72C76 /* Pods_RisingCamp.framework in Frameworks */ = {isa = PBXBuildFile; fileRef = FDD29E5FEC3BA64931A9F0B6 /* Pods_RisingCamp.framework */; };
		9F45A09627286F3A008D4D6E /* AwesomeTest.storyboard in Resources */ = {isa = PBXBuildFile; fileRef = 9F45A09527286F3A008D4D6E /* AwesomeTest.storyboard */; };
		9F45A0982728708E008D4D6E /* FirstViewController.swift in Sources */ = {isa = PBXBuildFile; fileRef = 9F45A0972728708E008D4D6E /* FirstViewController.swift */; };
		9F45A09A2728709F008D4D6E /* SecondViewController.swift in Sources */ = {isa = PBXBuildFile; fileRef = 9F45A0992728709F008D4D6E /* SecondViewController.swift */; };
		9F45A09C27296313008D4D6E /* AlarmViewController.swift in Sources */ = {isa = PBXBuildFile; fileRef = 9F45A09B27296313008D4D6E /* AlarmViewController.swift */; };
		9F86AEDD271EE84300B3A6D5 /* AppDelegate.swift in Sources */ = {isa = PBXBuildFile; fileRef = 9F86AEDC271EE84300B3A6D5 /* AppDelegate.swift */; };
		9F86AEDF271EE84300B3A6D5 /* SceneDelegate.swift in Sources */ = {isa = PBXBuildFile; fileRef = 9F86AEDE271EE84300B3A6D5 /* SceneDelegate.swift */; };
		9F86AEE6271EE84500B3A6D5 /* Assets.xcassets in Resources */ = {isa = PBXBuildFile; fileRef = 9F86AEE5271EE84500B3A6D5 /* Assets.xcassets */; };
		9F86AEE9271EE84500B3A6D5 /* LaunchScreen.storyboard in Resources */ = {isa = PBXBuildFile; fileRef = 9F86AEE7271EE84500B3A6D5 /* LaunchScreen.storyboard */; };
		9F87922C2722AD5C00D8E707 /* WoowahanViewController.swift in Sources */ = {isa = PBXBuildFile; fileRef = 9F87922B2722AD5C00D8E707 /* WoowahanViewController.swift */; };
		9F87922E2722AD7500D8E707 /* Woowahan.storyboard in Resources */ = {isa = PBXBuildFile; fileRef = 9F87922D2722AD7500D8E707 /* Woowahan.storyboard */; };
		9F8792302722D44A00D8E707 /* SearchViewController.swift in Sources */ = {isa = PBXBuildFile; fileRef = 9F87922F2722D44A00D8E707 /* SearchViewController.swift */; };
		9F8792322722D47E00D8E707 /* MyBaeminViewController.swift in Sources */ = {isa = PBXBuildFile; fileRef = 9F8792312722D47E00D8E707 /* MyBaeminViewController.swift */; };
		9F8792342722DAE200D8E707 /* MainViewController.swift in Sources */ = {isa = PBXBuildFile; fileRef = 9F8792332722DAE200D8E707 /* MainViewController.swift */; };
/* End PBXBuildFile section */

/* Begin PBXFileReference section */
		1F99EFAF5B3BE57333D9E1F2 /* Pods-RisingCamp.debug.xcconfig */ = {isa = PBXFileReference; includeInIndex = 1; lastKnownFileType = text.xcconfig; name = "Pods-RisingCamp.debug.xcconfig"; path = "Target Support Files/Pods-RisingCamp/Pods-RisingCamp.debug.xcconfig"; sourceTree = "<group>"; };
		317B51F850B82126D1B04707 /* Pods-RisingCamp.release.xcconfig */ = {isa = PBXFileReference; includeInIndex = 1; lastKnownFileType = text.xcconfig; name = "Pods-RisingCamp.release.xcconfig"; path = "Target Support Files/Pods-RisingCamp/Pods-RisingCamp.release.xcconfig"; sourceTree = "<group>"; };
		9F45A09527286F3A008D4D6E /* AwesomeTest.storyboard */ = {isa = PBXFileReference; lastKnownFileType = file.storyboard; path = AwesomeTest.storyboard; sourceTree = "<group>"; };
		9F45A0972728708E008D4D6E /* FirstViewController.swift */ = {isa = PBXFileReference; lastKnownFileType = sourcecode.swift; path = FirstViewController.swift; sourceTree = "<group>"; };
		9F45A0992728709F008D4D6E /* SecondViewController.swift */ = {isa = PBXFileReference; lastKnownFileType = sourcecode.swift; path = SecondViewController.swift; sourceTree = "<group>"; };
		9F45A09B27296313008D4D6E /* AlarmViewController.swift */ = {isa = PBXFileReference; lastKnownFileType = sourcecode.swift; path = AlarmViewController.swift; sourceTree = "<group>"; };
		9F86AED9271EE84300B3A6D5 /* RisingCamp.app */ = {isa = PBXFileReference; explicitFileType = wrapper.application; includeInIndex = 0; path = RisingCamp.app; sourceTree = BUILT_PRODUCTS_DIR; };
		9F86AEDC271EE84300B3A6D5 /* AppDelegate.swift */ = {isa = PBXFileReference; lastKnownFileType = sourcecode.swift; path = AppDelegate.swift; sourceTree = "<group>"; };
		9F86AEDE271EE84300B3A6D5 /* SceneDelegate.swift */ = {isa = PBXFileReference; lastKnownFileType = sourcecode.swift; path = SceneDelegate.swift; sourceTree = "<group>"; };
		9F86AEE5271EE84500B3A6D5 /* Assets.xcassets */ = {isa = PBXFileReference; lastKnownFileType = folder.assetcatalog; path = Assets.xcassets; sourceTree = "<group>"; };
		9F86AEE8271EE84500B3A6D5 /* Base */ = {isa = PBXFileReference; lastKnownFileType = file.storyboard; name = Base; path = Base.lproj/LaunchScreen.storyboard; sourceTree = "<group>"; };
		9F86AEEA271EE84500B3A6D5 /* Info.plist */ = {isa = PBXFileReference; lastKnownFileType = text.plist.xml; path = Info.plist; sourceTree = "<group>"; };
		9F87922B2722AD5C00D8E707 /* WoowahanViewController.swift */ = {isa = PBXFileReference; lastKnownFileType = sourcecode.swift; path = WoowahanViewController.swift; sourceTree = "<group>"; };
		9F87922D2722AD7500D8E707 /* Woowahan.storyboard */ = {isa = PBXFileReference; lastKnownFileType = file.storyboard; path = Woowahan.storyboard; sourceTree = "<group>"; };
		9F87922F2722D44A00D8E707 /* SearchViewController.swift */ = {isa = PBXFileReference; lastKnownFileType = sourcecode.swift; path = SearchViewController.swift; sourceTree = "<group>"; };
		9F8792312722D47E00D8E707 /* MyBaeminViewController.swift */ = {isa = PBXFileReference; lastKnownFileType = sourcecode.swift; path = MyBaeminViewController.swift; sourceTree = "<group>"; };
		9F8792332722DAE200D8E707 /* MainViewController.swift */ = {isa = PBXFileReference; lastKnownFileType = sourcecode.swift; path = MainViewController.swift; sourceTree = "<group>"; };
		FDD29E5FEC3BA64931A9F0B6 /* Pods_RisingCamp.framework */ = {isa = PBXFileReference; explicitFileType = wrapper.framework; includeInIndex = 0; path = Pods_RisingCamp.framework; sourceTree = BUILT_PRODUCTS_DIR; };
/* End PBXFileReference section */

/* Begin PBXFrameworksBuildPhase section */
		9F86AED6271EE84300B3A6D5 /* Frameworks */ = {
			isa = PBXFrameworksBuildPhase;
			buildActionMask = 2147483647;
			files = (
				85EBE9C0D3280D7FB4E72C76 /* Pods_RisingCamp.framework in Frameworks */,
			);
			runOnlyForDeploymentPostprocessing = 0;
		};
/* End PBXFrameworksBuildPhase section */

/* Begin PBXGroup section */
		50CC51386E5A8C4EAE02B8B4 /* Pods */ = {
			isa = PBXGroup;
			children = (
				1F99EFAF5B3BE57333D9E1F2 /* Pods-RisingCamp.debug.xcconfig */,
				317B51F850B82126D1B04707 /* Pods-RisingCamp.release.xcconfig */,
			);
			path = Pods;
			sourceTree = "<group>";
		};
		5FD478BB22666666AEB0FC79 /* Frameworks */ = {
			isa = PBXGroup;
			children = (
				FDD29E5FEC3BA64931A9F0B6 /* Pods_RisingCamp.framework */,
			);
			name = Frameworks;
			sourceTree = "<group>";
		};
		9F45A09427282787008D4D6E /* 2주차_스톱워치 */ = {
			isa = PBXGroup;
			children = (
				9F45A09527286F3A008D4D6E /* AwesomeTest.storyboard */,
				9F45A0972728708E008D4D6E /* FirstViewController.swift */,
				9F45A0992728709F008D4D6E /* SecondViewController.swift */,
				9F45A09B27296313008D4D6E /* AlarmViewController.swift */,
			);
			name = "2주차_스톱워치";
			path = "2주차_스톱워치";
			sourceTree = "<group>";
		};
		9F86AED0271EE84300B3A6D5 = {
			isa = PBXGroup;
			children = (
				9F86AEDB271EE84300B3A6D5 /* RisingCamp */,
				9F86AEDA271EE84300B3A6D5 /* Products */,
				50CC51386E5A8C4EAE02B8B4 /* Pods */,
				5FD478BB22666666AEB0FC79 /* Frameworks */,
			);
			sourceTree = "<group>";
		};
		9F86AEDA271EE84300B3A6D5 /* Products */ = {
			isa = PBXGroup;
			children = (
				9F86AED9271EE84300B3A6D5 /* RisingCamp.app */,
			);
			name = Products;
			sourceTree = "<group>";
		};
		9F86AEDB271EE84300B3A6D5 /* RisingCamp */ = {
			isa = PBXGroup;
			children = (
				9F86AEE5271EE84500B3A6D5 /* Assets.xcassets */,
				9F87922A2722ACEE00D8E707 /* 1주차_배민 */,
				9F45A09427282787008D4D6E /* 2주차_스톱워치 */,
				9F86AEDC271EE84300B3A6D5 /* AppDelegate.swift */,
				9F86AEDE271EE84300B3A6D5 /* SceneDelegate.swift */,
				9F86AEE7271EE84500B3A6D5 /* LaunchScreen.storyboard */,
				9F86AEEA271EE84500B3A6D5 /* Info.plist */,
			);
			path = RisingCamp;
			sourceTree = "<group>";
		};
		9F87922A2722ACEE00D8E707 /* 1주차_배민 */ = {
			isa = PBXGroup;
			children = (
				9F87922D2722AD7500D8E707 /* Woowahan.storyboard */,
				9F8792332722DAE200D8E707 /* MainViewController.swift */,
				9F87922B2722AD5C00D8E707 /* WoowahanViewController.swift */,
				9F87922F2722D44A00D8E707 /* SearchViewController.swift */,
				9F8792312722D47E00D8E707 /* MyBaeminViewController.swift */,
			);
			name = "1주차_배민";
			path = "1주차_배민";
			sourceTree = "<group>";
		};
/* End PBXGroup section */

/* Begin PBXNativeTarget section */
		9F86AED8271EE84300B3A6D5 /* RisingCamp */ = {
			isa = PBXNativeTarget;
			buildConfigurationList = 9F86AEED271EE84500B3A6D5 /* Build configuration list for PBXNativeTarget "RisingCamp" */;
			buildPhases = (
				248E6BADD4040755F5154D30 /* [CP] Check Pods Manifest.lock */,
				9F86AED5271EE84300B3A6D5 /* Sources */,
				9F86AED6271EE84300B3A6D5 /* Frameworks */,
				9F86AED7271EE84300B3A6D5 /* Resources */,
				88F57151402496CA5AF771C9 /* [CP] Embed Pods Frameworks */,
			);
			buildRules = (
			);
			dependencies = (
			);
			name = RisingCamp;
			productName = RisingCamp;
			productReference = 9F86AED9271EE84300B3A6D5 /* RisingCamp.app */;
			productType = "com.apple.product-type.application";
		};
/* End PBXNativeTarget section */

/* Begin PBXProject section */
		9F86AED1271EE84300B3A6D5 /* Project object */ = {
			isa = PBXProject;
			attributes = {
				KnownAssetTags = (
					New,
				);
				LastSwiftUpdateCheck = 1250;
				LastUpgradeCheck = 1250;
				TargetAttributes = {
					9F86AED8271EE84300B3A6D5 = {
						CreatedOnToolsVersion = 12.5;
					};
				};
			};
			buildConfigurationList = 9F86AED4271EE84300B3A6D5 /* Build configuration list for PBXProject "RisingCamp" */;
			compatibilityVersion = "Xcode 9.3";
			developmentRegion = en;
			hasScannedForEncodings = 0;
			knownRegions = (
				en,
				Base,
			);
			mainGroup = 9F86AED0271EE84300B3A6D5;
			productRefGroup = 9F86AEDA271EE84300B3A6D5 /* Products */;
			projectDirPath = "";
			projectRoot = "";
			targets = (
				9F86AED8271EE84300B3A6D5 /* RisingCamp */,
			);
		};
/* End PBXProject section */

/* Begin PBXResourcesBuildPhase section */
		9F86AED7271EE84300B3A6D5 /* Resources */ = {
			isa = PBXResourcesBuildPhase;
			buildActionMask = 2147483647;
			files = (
				9F86AEE9271EE84500B3A6D5 /* LaunchScreen.storyboard in Resources */,
				9F87922E2722AD7500D8E707 /* Woowahan.storyboard in Resources */,
				9F45A09627286F3A008D4D6E /* AwesomeTest.storyboard in Resources */,
				9F86AEE6271EE84500B3A6D5 /* Assets.xcassets in Resources */,
			);
			runOnlyForDeploymentPostprocessing = 0;
		};
/* End PBXResourcesBuildPhase section */

/* Begin PBXShellScriptBuildPhase section */
		248E6BADD4040755F5154D30 /* [CP] Check Pods Manifest.lock */ = {
			isa = PBXShellScriptBuildPhase;
			buildActionMask = 2147483647;
			files = (
			);
			inputFileListPaths = (
			);
			inputPaths = (
				"${PODS_PODFILE_DIR_PATH}/Podfile.lock",
				"${PODS_ROOT}/Manifest.lock",
			);
			name = "[CP] Check Pods Manifest.lock";
			outputFileListPaths = (
			);
			outputPaths = (
				"$(DERIVED_FILE_DIR)/Pods-RisingCamp-checkManifestLockResult.txt",
			);
			runOnlyForDeploymentPostprocessing = 0;
			shellPath = /bin/sh;
			shellScript = "diff \"${PODS_PODFILE_DIR_PATH}/Podfile.lock\" \"${PODS_ROOT}/Manifest.lock\" > /dev/null\nif [ $? != 0 ] ; then\n    # print error to STDERR\n    echo \"error: The sandbox is not in sync with the Podfile.lock. Run 'pod install' or update your CocoaPods installation.\" >&2\n    exit 1\nfi\n# This output is used by Xcode 'outputs' to avoid re-running this script phase.\necho \"SUCCESS\" > \"${SCRIPT_OUTPUT_FILE_0}\"\n";
			showEnvVarsInLog = 0;
		};
		88F57151402496CA5AF771C9 /* [CP] Embed Pods Frameworks */ = {
			isa = PBXShellScriptBuildPhase;
			buildActionMask = 2147483647;
			files = (
			);
			inputFileListPaths = (
				"${PODS_ROOT}/Target Support Files/Pods-RisingCamp/Pods-RisingCamp-frameworks-${CONFIGURATION}-input-files.xcfilelist",
			);
			name = "[CP] Embed Pods Frameworks";
			outputFileListPaths = (
				"${PODS_ROOT}/Target Support Files/Pods-RisingCamp/Pods-RisingCamp-frameworks-${CONFIGURATION}-output-files.xcfilelist",
			);
			runOnlyForDeploymentPostprocessing = 0;
			shellPath = /bin/sh;
			shellScript = "\"${PODS_ROOT}/Target Support Files/Pods-RisingCamp/Pods-RisingCamp-frameworks.sh\"\n";
			showEnvVarsInLog = 0;
		};
/* End PBXShellScriptBuildPhase section */

/* Begin PBXSourcesBuildPhase section */
		9F86AED5271EE84300B3A6D5 /* Sources */ = {
			isa = PBXSourcesBuildPhase;
			buildActionMask = 2147483647;
			files = (
				9F45A09A2728709F008D4D6E /* SecondViewController.swift in Sources */,
				9F8792322722D47E00D8E707 /* MyBaeminViewController.swift in Sources */,
				9F86AEDD271EE84300B3A6D5 /* AppDelegate.swift in Sources */,
				9F87922C2722AD5C00D8E707 /* WoowahanViewController.swift in Sources */,
				9F8792342722DAE200D8E707 /* MainViewController.swift in Sources */,
				9F45A09C27296313008D4D6E /* AlarmViewController.swift in Sources */,
				9F8792302722D44A00D8E707 /* SearchViewController.swift in Sources */,
				9F86AEDF271EE84300B3A6D5 /* SceneDelegate.swift in Sources */,
				9F45A0982728708E008D4D6E /* FirstViewController.swift in Sources */,
			);
			runOnlyForDeploymentPostprocessing = 0;
		};
/* End PBXSourcesBuildPhase section */

/* Begin PBXVariantGroup section */
		9F86AEE7271EE84500B3A6D5 /* LaunchScreen.storyboard */ = {
			isa = PBXVariantGroup;
			children = (
				9F86AEE8271EE84500B3A6D5 /* Base */,
			);
			name = LaunchScreen.storyboard;
			sourceTree = "<group>";
		};
/* End PBXVariantGroup section */

/* Begin XCBuildConfiguration section */
		9F86AEEB271EE84500B3A6D5 /* Debug */ = {
			isa = XCBuildConfiguration;
			buildSettings = {
				ALWAYS_SEARCH_USER_PATHS = NO;
				CLANG_ANALYZER_NONNULL = YES;
				CLANG_ANALYZER_NUMBER_OBJECT_CONVERSION = YES_AGGRESSIVE;
				CLANG_CXX_LANGUAGE_STANDARD = "gnu++14";
				CLANG_CXX_LIBRARY = "libc++";
				CLANG_ENABLE_MODULES = YES;
				CLANG_ENABLE_OBJC_ARC = YES;
				CLANG_ENABLE_OBJC_WEAK = YES;
				CLANG_WARN_BLOCK_CAPTURE_AUTORELEASING = YES;
				CLANG_WARN_BOOL_CONVERSION = YES;
				CLANG_WARN_COMMA = YES;
				CLANG_WARN_CONSTANT_CONVERSION = YES;
				CLANG_WARN_DEPRECATED_OBJC_IMPLEMENTATIONS = YES;
				CLANG_WARN_DIRECT_OBJC_ISA_USAGE = YES_ERROR;
				CLANG_WARN_DOCUMENTATION_COMMENTS = YES;
				CLANG_WARN_EMPTY_BODY = YES;
				CLANG_WARN_ENUM_CONVERSION = YES;
				CLANG_WARN_INFINITE_RECURSION = YES;
				CLANG_WARN_INT_CONVERSION = YES;
				CLANG_WARN_NON_LITERAL_NULL_CONVERSION = YES;
				CLANG_WARN_OBJC_IMPLICIT_RETAIN_SELF = YES;
				CLANG_WARN_OBJC_LITERAL_CONVERSION = YES;
				CLANG_WARN_OBJC_ROOT_CLASS = YES_ERROR;
				CLANG_WARN_QUOTED_INCLUDE_IN_FRAMEWORK_HEADER = YES;
				CLANG_WARN_RANGE_LOOP_ANALYSIS = YES;
				CLANG_WARN_STRICT_PROTOTYPES = YES;
				CLANG_WARN_SUSPICIOUS_MOVE = YES;
				CLANG_WARN_UNGUARDED_AVAILABILITY = YES_AGGRESSIVE;
				CLANG_WARN_UNREACHABLE_CODE = YES;
				CLANG_WARN__DUPLICATE_METHOD_MATCH = YES;
				COPY_PHASE_STRIP = NO;
				DEBUG_INFORMATION_FORMAT = dwarf;
				ENABLE_STRICT_OBJC_MSGSEND = YES;
				ENABLE_TESTABILITY = YES;
				GCC_C_LANGUAGE_STANDARD = gnu11;
				GCC_DYNAMIC_NO_PIC = NO;
				GCC_NO_COMMON_BLOCKS = YES;
				GCC_OPTIMIZATION_LEVEL = 0;
				GCC_PREPROCESSOR_DEFINITIONS = (
					"DEBUG=1",
					"$(inherited)",
				);
				GCC_WARN_64_TO_32_BIT_CONVERSION = YES;
				GCC_WARN_ABOUT_RETURN_TYPE = YES_ERROR;
				GCC_WARN_UNDECLARED_SELECTOR = YES;
				GCC_WARN_UNINITIALIZED_AUTOS = YES_AGGRESSIVE;
				GCC_WARN_UNUSED_FUNCTION = YES;
				GCC_WARN_UNUSED_VARIABLE = YES;
				IPHONEOS_DEPLOYMENT_TARGET = 14.5;
				MTL_ENABLE_DEBUG_INFO = INCLUDE_SOURCE;
				MTL_FAST_MATH = YES;
				ONLY_ACTIVE_ARCH = YES;
				SDKROOT = iphoneos;
				SWIFT_ACTIVE_COMPILATION_CONDITIONS = DEBUG;
				SWIFT_OPTIMIZATION_LEVEL = "-Onone";
			};
			name = Debug;
		};
		9F86AEEC271EE84500B3A6D5 /* Release */ = {
			isa = XCBuildConfiguration;
			buildSettings = {
				ALWAYS_SEARCH_USER_PATHS = NO;
				CLANG_ANALYZER_NONNULL = YES;
				CLANG_ANALYZER_NUMBER_OBJECT_CONVERSION = YES_AGGRESSIVE;
				CLANG_CXX_LANGUAGE_STANDARD = "gnu++14";
				CLANG_CXX_LIBRARY = "libc++";
				CLANG_ENABLE_MODULES = YES;
				CLANG_ENABLE_OBJC_ARC = YES;
				CLANG_ENABLE_OBJC_WEAK = YES;
				CLANG_WARN_BLOCK_CAPTURE_AUTORELEASING = YES;
				CLANG_WARN_BOOL_CONVERSION = YES;
				CLANG_WARN_COMMA = YES;
				CLANG_WARN_CONSTANT_CONVERSION = YES;
				CLANG_WARN_DEPRECATED_OBJC_IMPLEMENTATIONS = YES;
				CLANG_WARN_DIRECT_OBJC_ISA_USAGE = YES_ERROR;
				CLANG_WARN_DOCUMENTATION_COMMENTS = YES;
				CLANG_WARN_EMPTY_BODY = YES;
				CLANG_WARN_ENUM_CONVERSION = YES;
				CLANG_WARN_INFINITE_RECURSION = YES;
				CLANG_WARN_INT_CONVERSION = YES;
				CLANG_WARN_NON_LITERAL_NULL_CONVERSION = YES;
				CLANG_WARN_OBJC_IMPLICIT_RETAIN_SELF = YES;
				CLANG_WARN_OBJC_LITERAL_CONVERSION = YES;
				CLANG_WARN_OBJC_ROOT_CLASS = YES_ERROR;
				CLANG_WARN_QUOTED_INCLUDE_IN_FRAMEWORK_HEADER = YES;
				CLANG_WARN_RANGE_LOOP_ANALYSIS = YES;
				CLANG_WARN_STRICT_PROTOTYPES = YES;
				CLANG_WARN_SUSPICIOUS_MOVE = YES;
				CLANG_WARN_UNGUARDED_AVAILABILITY = YES_AGGRESSIVE;
				CLANG_WARN_UNREACHABLE_CODE = YES;
				CLANG_WARN__DUPLICATE_METHOD_MATCH = YES;
				COPY_PHASE_STRIP = NO;
				DEBUG_INFORMATION_FORMAT = "dwarf-with-dsym";
				ENABLE_NS_ASSERTIONS = NO;
				ENABLE_STRICT_OBJC_MSGSEND = YES;
				GCC_C_LANGUAGE_STANDARD = gnu11;
				GCC_NO_COMMON_BLOCKS = YES;
				GCC_WARN_64_TO_32_BIT_CONVERSION = YES;
				GCC_WARN_ABOUT_RETURN_TYPE = YES_ERROR;
				GCC_WARN_UNDECLARED_SELECTOR = YES;
				GCC_WARN_UNINITIALIZED_AUTOS = YES_AGGRESSIVE;
				GCC_WARN_UNUSED_FUNCTION = YES;
				GCC_WARN_UNUSED_VARIABLE = YES;
				IPHONEOS_DEPLOYMENT_TARGET = 14.5;
				MTL_ENABLE_DEBUG_INFO = NO;
				MTL_FAST_MATH = YES;
				SDKROOT = iphoneos;
				SWIFT_COMPILATION_MODE = wholemodule;
				SWIFT_OPTIMIZATION_LEVEL = "-O";
				VALIDATE_PRODUCT = YES;
			};
			name = Release;
		};
		9F86AEEE271EE84500B3A6D5 /* Debug */ = {
			isa = XCBuildConfiguration;
			baseConfigurationReference = 1F99EFAF5B3BE57333D9E1F2 /* Pods-RisingCamp.debug.xcconfig */;
			buildSettings = {
				ASSETCATALOG_COMPILER_APPICON_NAME = AppIcon;
				ASSETCATALOG_COMPILER_GLOBAL_ACCENT_COLOR_NAME = AccentColor;
				CODE_SIGN_STYLE = Automatic;
				DEVELOPMENT_TEAM = 8K8VT9C65D;
				INFOPLIST_FILE = RisingCamp/Info.plist;
				LD_RUNPATH_SEARCH_PATHS = (
					"$(inherited)",
					"@executable_path/Frameworks",
				);
				PRODUCT_BUNDLE_IDENTIFIER = iOSHaYeonStudy.RisingCamp;
				PRODUCT_NAME = "$(TARGET_NAME)";
				SWIFT_VERSION = 5.0;
				TARGETED_DEVICE_FAMILY = "1,2";
			};
			name = Debug;
		};
		9F86AEEF271EE84500B3A6D5 /* Release */ = {
			isa = XCBuildConfiguration;
			baseConfigurationReference = 317B51F850B82126D1B04707 /* Pods-RisingCamp.release.xcconfig */;
			buildSettings = {
				ASSETCATALOG_COMPILER_APPICON_NAME = AppIcon;
				ASSETCATALOG_COMPILER_GLOBAL_ACCENT_COLOR_NAME = AccentColor;
				CODE_SIGN_STYLE = Automatic;
				DEVELOPMENT_TEAM = 8K8VT9C65D;
				INFOPLIST_FILE = RisingCamp/Info.plist;
				LD_RUNPATH_SEARCH_PATHS = (
					"$(inherited)",
					"@executable_path/Frameworks",
				);
				PRODUCT_BUNDLE_IDENTIFIER = iOSHaYeonStudy.RisingCamp;
				PRODUCT_NAME = "$(TARGET_NAME)";
				SWIFT_VERSION = 5.0;
				TARGETED_DEVICE_FAMILY = "1,2";
			};
			name = Release;
		};
/* End XCBuildConfiguration section */

/* Begin XCConfigurationList section */
		9F86AED4271EE84300B3A6D5 /* Build configuration list for PBXProject "RisingCamp" */ = {
			isa = XCConfigurationList;
			buildConfigurations = (
				9F86AEEB271EE84500B3A6D5 /* Debug */,
				9F86AEEC271EE84500B3A6D5 /* Release */,
			);
			defaultConfigurationIsVisible = 0;
			defaultConfigurationName = Release;
		};
		9F86AEED271EE84500B3A6D5 /* Build configuration list for PBXNativeTarget "RisingCamp" */ = {
			isa = XCConfigurationList;
			buildConfigurations = (
				9F86AEEE271EE84500B3A6D5 /* Debug */,
				9F86AEEF271EE84500B3A6D5 /* Release */,
			);
			defaultConfigurationIsVisible = 0;
			defaultConfigurationName = Release;
		};
/* End XCConfigurationList section */
	};
	rootObject = 9F86AED1271EE84300B3A6D5 /* Project object */;
}
